// !$*UTF8*$!
{
	archiveVersion = 1;
	classes = {
	};
	objectVersion = 46;
	objects = {

/* Begin PBXBuildFile section */
		528AEF8418209B3A002AB658 /* VenuesMapViewController.m in Sources */ = {isa = PBXBuildFile; fileRef = 528AEF8318209B3A002AB658 /* VenuesMapViewController.m */; };
		52B9C40A18186ED500A875B7 /* Parse.framework in Frameworks */ = {isa = PBXBuildFile; fileRef = 52B9C40918186ED500A875B7 /* Parse.framework */; };
		52B9C40C1818845C00A875B7 /* AudioToolbox.framework in Frameworks */ = {isa = PBXBuildFile; fileRef = 52B9C40B1818845C00A875B7 /* AudioToolbox.framework */; };
		52B9C40E1818846900A875B7 /* CFNetwork.framework in Frameworks */ = {isa = PBXBuildFile; fileRef = 52B9C40D1818846900A875B7 /* CFNetwork.framework */; };
		52B9C4101818848300A875B7 /* CoreLocation.framework in Frameworks */ = {isa = PBXBuildFile; fileRef = 52B9C40F1818848300A875B7 /* CoreLocation.framework */; };
		52B9C4121818849100A875B7 /* libz.1.1.3.dylib in Frameworks */ = {isa = PBXBuildFile; fileRef = 52B9C4111818849100A875B7 /* libz.1.1.3.dylib */; };
		52B9C4141818849C00A875B7 /* MobileCoreServices.framework in Frameworks */ = {isa = PBXBuildFile; fileRef = 52B9C4131818849C00A875B7 /* MobileCoreServices.framework */; };
		52B9C416181884AC00A875B7 /* QuartzCore.framework in Frameworks */ = {isa = PBXBuildFile; fileRef = 52B9C415181884AC00A875B7 /* QuartzCore.framework */; };
		52B9C418181884BA00A875B7 /* Security.framework in Frameworks */ = {isa = PBXBuildFile; fileRef = 52B9C417181884BA00A875B7 /* Security.framework */; };
		52B9C41A181884C700A875B7 /* StoreKit.framework in Frameworks */ = {isa = PBXBuildFile; fileRef = 52B9C419181884C700A875B7 /* StoreKit.framework */; };
		52B9C41C181884D000A875B7 /* SystemConfiguration.framework in Frameworks */ = {isa = PBXBuildFile; fileRef = 52B9C41B181884D000A875B7 /* SystemConfiguration.framework */; };
		5A169AFC18201F340042767E /* AboutEditCell.m in Sources */ = {isa = PBXBuildFile; fileRef = 5A169AA118201F340042767E /* AboutEditCell.m */; };
		5A169AFD18201F340042767E /* activityfeedcell_icon_comment.png in Resources */ = {isa = PBXBuildFile; fileRef = 5A169AA218201F340042767E /* activityfeedcell_icon_comment.png */; };
		5A169AFE18201F340042767E /* ActivityFeedCell.m in Sources */ = {isa = PBXBuildFile; fileRef = 5A169AA418201F340042767E /* ActivityFeedCell.m */; };
		5A169AFF18201F340042767E /* ActivityFeedViewController.m in Sources */ = {isa = PBXBuildFile; fileRef = 5A169AA718201F340042767E /* ActivityFeedViewController.m */; };
		5A169B0018201F340042767E /* AddCommentViewController.m in Sources */ = {isa = PBXBuildFile; fileRef = 5A169AA918201F340042767E /* AddCommentViewController.m */; };
		5A169B0118201F340042767E /* AppDelegate.m in Sources */ = {isa = PBXBuildFile; fileRef = 5A169AAB18201F340042767E /* AppDelegate.m */; };
		5A169B0218201F340042767E /* background.png in Resources */ = {isa = PBXBuildFile; fileRef = 5A169AAC18201F340042767E /* background.png */; };
		5A169B0318201F340042767E /* background2_size.png in Resources */ = {isa = PBXBuildFile; fileRef = 5A169AAD18201F340042767E /* background2_size.png */; };
		5A169B0418201F340042767E /* background3_size.png in Resources */ = {isa = PBXBuildFile; fileRef = 5A169AAE18201F340042767E /* background3_size.png */; };
		5A169B0518201F340042767E /* Main.storyboard in Resources */ = {isa = PBXBuildFile; fileRef = 5A169AB018201F340042767E /* Main.storyboard */; };
		5A169B0618201F340042767E /* BaseColor.png in Resources */ = {isa = PBXBuildFile; fileRef = 5A169AB218201F340042767E /* BaseColor.png */; };
		5A169B0718201F340042767E /* beer_size@2x.png in Resources */ = {isa = PBXBuildFile; fileRef = 5A169AB318201F340042767E /* beer_size@2x.png */; };
		5A169B0818201F340042767E /* bluebeer_tall.png in Resources */ = {isa = PBXBuildFile; fileRef = 5A169AB418201F340042767E /* bluebeer_tall.png */; };
		5A169B0918201F340042767E /* coffee_circle.png in Resources */ = {isa = PBXBuildFile; fileRef = 5A169AB518201F340042767E /* coffee_circle.png */; };
		5A169B0A18201F340042767E /* coffee_tall.png in Resources */ = {isa = PBXBuildFile; fileRef = 5A169AB618201F340042767E /* coffee_tall.png */; };
		5A169B0B18201F340042767E /* Comms.m in Sources */ = {isa = PBXBuildFile; fileRef = 5A169AB818201F340042767E /* Comms.m */; };
		5A169B0C18201F340042767E /* david_profile.jpg in Resources */ = {isa = PBXBuildFile; fileRef = 5A169AB918201F340042767E /* david_profile.jpg */; };
		5A169B0D18201F340042767E /* EditProfileViewController.m in Sources */ = {isa = PBXBuildFile; fileRef = 5A169ABB18201F340042767E /* EditProfileViewController.m */; };
		5A169B0F18201F340042767E /* FakeProfileViewController.m in Sources */ = {isa = PBXBuildFile; fileRef = 5A169AC018201F340042767E /* FakeProfileViewController.m */; };
		5A169B1018201F340042767E /* FeedStoryboard.storyboard in Resources */ = {isa = PBXBuildFile; fileRef = 5A169AC118201F340042767E /* FeedStoryboard.storyboard */; };
		5A169B1118201F340042767E /* Images.xcassets in Resources */ = {isa = PBXBuildFile; fileRef = 5A169AC218201F340042767E /* Images.xcassets */; };
		5A169B1218201F340042767E /* InfoCell.m in Sources */ = {isa = PBXBuildFile; fileRef = 5A169AC418201F340042767E /* InfoCell.m */; };
		5A169B1318201F340042767E /* IntroChildViewController.m in Sources */ = {isa = PBXBuildFile; fileRef = 5A169AC618201F340042767E /* IntroChildViewController.m */; };
		5A169B1418201F340042767E /* IntroParentViewController.m in Sources */ = {isa = PBXBuildFile; fileRef = 5A169AC818201F340042767E /* IntroParentViewController.m */; };
		5A169B1518201F340042767E /* JustMovdApp-Info.plist in Resources */ = {isa = PBXBuildFile; fileRef = 5A169AC918201F340042767E /* JustMovdApp-Info.plist */; };
		5A169B1618201F340042767E /* KyleMai.storyboard in Resources */ = {isa = PBXBuildFile; fileRef = 5A169ACB18201F340042767E /* KyleMai.storyboard */; };
		5A169B1718201F340042767E /* KyleMai@2x.jpg in Resources */ = {isa = PBXBuildFile; fileRef = 5A169ACC18201F340042767E /* KyleMai@2x.jpg */; };
		5A169B1818201F340042767E /* main.m in Sources */ = {isa = PBXBuildFile; fileRef = 5A169ACD18201F340042767E /* main.m */; };
		5A169B1918201F340042767E /* messageButton@2x.png in Resources */ = {isa = PBXBuildFile; fileRef = 5A169ACE18201F340042767E /* messageButton@2x.png */; };
		5A169B1A18201F340042767E /* OtherEditCell.m in Sources */ = {isa = PBXBuildFile; fileRef = 5A169AD018201F340042767E /* OtherEditCell.m */; };
		5A169B1B18201F340042767E /* PFImageView+ImageHandler.m in Sources */ = {isa = PBXBuildFile; fileRef = 5A169AD218201F340042767E /* PFImageView+ImageHandler.m */; };
		5A169B1C18201F340042767E /* PictureCell.m in Sources */ = {isa = PBXBuildFile; fileRef = 5A169AD418201F340042767E /* PictureCell.m */; };
		5A169B1D18201F340042767E /* PostDetailViewController.m in Sources */ = {isa = PBXBuildFile; fileRef = 5A169AD618201F340042767E /* PostDetailViewController.m */; };
		5A169B1E18201F340042767E /* PostsByUserCell.m in Sources */ = {isa = PBXBuildFile; fileRef = 5A169AD818201F340042767E /* PostsByUserCell.m */; };
		5A169B1F18201F340042767E /* profile.jpg in Resources */ = {isa = PBXBuildFile; fileRef = 5A169AD918201F340042767E /* profile.jpg */; };
		5A169B2018201F340042767E /* Questionnaire.storyboard in Resources */ = {isa = PBXBuildFile; fileRef = 5A169ADA18201F340042767E /* Questionnaire.storyboard */; };
		5A169B2118201F340042767E /* QuestionnaireViewController.m in Sources */ = {isa = PBXBuildFile; fileRef = 5A169ADC18201F340042767E /* QuestionnaireViewController.m */; };
		5A169B2218201F340042767E /* QuestionView.m in Sources */ = {isa = PBXBuildFile; fileRef = 5A169ADE18201F340042767E /* QuestionView.m */; };
		5A169B2318201F340042767E /* Roboto-Light.ttf in Resources */ = {isa = PBXBuildFile; fileRef = 5A169AE018201F340042767E /* Roboto-Light.ttf */; };
		5A169B2418201F340042767E /* Roboto-Medium.ttf in Resources */ = {isa = PBXBuildFile; fileRef = 5A169AE118201F340042767E /* Roboto-Medium.ttf */; };
		5A169B2518201F340042767E /* Roboto-Regular.ttf in Resources */ = {isa = PBXBuildFile; fileRef = 5A169AE218201F340042767E /* Roboto-Regular.ttf */; };
		5A169B2618201F340042767E /* Roboto-Thin.ttf in Resources */ = {isa = PBXBuildFile; fileRef = 5A169AE318201F340042767E /* Roboto-Thin.ttf */; };
		5A169B2718201F340042767E /* Screen Shot 2013-10-23 at 9.08.02 PM.png in Resources */ = {isa = PBXBuildFile; fileRef = 5A169AE418201F340042767E /* Screen Shot 2013-10-23 at 9.08.02 PM.png */; };
		5A169B2818201F340042767E /* Screen Shot 2013-10-28 at 7.03.39 PM.png in Resources */ = {isa = PBXBuildFile; fileRef = 5A169AE518201F340042767E /* Screen Shot 2013-10-28 at 7.03.39 PM.png */; };
		5A169B2918201F340042767E /* SearchUsersViewController.m in Sources */ = {isa = PBXBuildFile; fileRef = 5A169AE718201F340042767E /* SearchUsersViewController.m */; };
		5A169B2A18201F340042767E /* sports_circle.png in Resources */ = {isa = PBXBuildFile; fileRef = 5A169AE818201F340042767E /* sports_circle.png */; };
		5A169B2B18201F340042767E /* stephen_profile.jpg in Resources */ = {isa = PBXBuildFile; fileRef = 5A169AE918201F340042767E /* stephen_profile.jpg */; };
		5A169B2C18201F340042767E /* TableViewBG@2x.png in Resources */ = {isa = PBXBuildFile; fileRef = 5A169AEA18201F340042767E /* TableViewBG@2x.png */; };
		5A169B2D18201F340042767E /* testImage.png in Resources */ = {isa = PBXBuildFile; fileRef = 5A169AEB18201F340042767E /* testImage.png */; };
		5A169B2F18201F340042767E /* TTTTimeIntervalFormatter.m in Sources */ = {isa = PBXBuildFile; fileRef = 5A169AF018201F340042767E /* TTTTimeIntervalFormatter.m */; };
		5A169B3018201F340042767E /* UIImage+StackBlur.m in Sources */ = {isa = PBXBuildFile; fileRef = 5A169AF218201F340042767E /* UIImage+StackBlur.m */; };
		5A169B3118201F340042767E /* UpdateCellHeader.m in Sources */ = {isa = PBXBuildFile; fileRef = 5A169AF418201F340042767E /* UpdateCellHeader.m */; };
		5A169B3218201F340042767E /* UpdateCellHeader.xib in Resources */ = {isa = PBXBuildFile; fileRef = 5A169AF518201F340042767E /* UpdateCellHeader.xib */; };
		5A169B3318201F340042767E /* UserProfileViewController.m in Sources */ = {isa = PBXBuildFile; fileRef = 5A169AF718201F340042767E /* UserProfileViewController.m */; };
		5A169B3418201F340042767E /* vidgame_circle.png in Resources */ = {isa = PBXBuildFile; fileRef = 5A169AF818201F340042767E /* vidgame_circle.png */; };
		5A169B3518201F340042767E /* weightlifting_circle.png in Resources */ = {isa = PBXBuildFile; fileRef = 5A169AF918201F340042767E /* weightlifting_circle.png */; };
		5A169B3618201F340042767E /* will_profile.jpg in Resources */ = {isa = PBXBuildFile; fileRef = 5A169AFA18201F340042767E /* will_profile.jpg */; };
		5A169B3718201F340042767E /* yoga_circle.png in Resources */ = {isa = PBXBuildFile; fileRef = 5A169AFB18201F340042767E /* yoga_circle.png */; };
		5A4FD6A1181F1460006400A2 /* Accounts.framework in Frameworks */ = {isa = PBXBuildFile; fileRef = 5A4FD6A0181F1460006400A2 /* Accounts.framework */; };
		5A4FD6A3181F1468006400A2 /* Security.framework in Frameworks */ = {isa = PBXBuildFile; fileRef = 5A4FD6A2181F1468006400A2 /* Security.framework */; };
		5A4FD6A5181F1474006400A2 /* Social.framework in Frameworks */ = {isa = PBXBuildFile; fileRef = 5A4FD6A4181F1474006400A2 /* Social.framework */; };
		5A4FD6A7181F1489006400A2 /* CFNetwork.framework in Frameworks */ = {isa = PBXBuildFile; fileRef = 5A4FD6A6181F1489006400A2 /* CFNetwork.framework */; };
		5A4FD6A9181F14C9006400A2 /* AdSupport.framework in Frameworks */ = {isa = PBXBuildFile; fileRef = 5A4FD6A8181F14C9006400A2 /* AdSupport.framework */; };
		5A4FD6AB181F14D7006400A2 /* StoreKit.framework in Frameworks */ = {isa = PBXBuildFile; fileRef = 5A4FD6AA181F14D7006400A2 /* StoreKit.framework */; };
		5A4FD6AD181F14DC006400A2 /* MobileCoreServices.framework in Frameworks */ = {isa = PBXBuildFile; fileRef = 5A4FD6AC181F14DC006400A2 /* MobileCoreServices.framework */; };
		5A4FD6AF181F14E2006400A2 /* AudioToolbox.framework in Frameworks */ = {isa = PBXBuildFile; fileRef = 5A4FD6AE181F14E2006400A2 /* AudioToolbox.framework */; };
		5A4FD6B1181F14ED006400A2 /* SystemConfiguration.framework in Frameworks */ = {isa = PBXBuildFile; fileRef = 5A4FD6B0181F14ED006400A2 /* SystemConfiguration.framework */; };
		5A4FD6B3181F14FB006400A2 /* QuartzCore.framework in Frameworks */ = {isa = PBXBuildFile; fileRef = 5A4FD6B2181F14FB006400A2 /* QuartzCore.framework */; };
		5A4FD6B5181F1500006400A2 /* CoreLocation.framework in Frameworks */ = {isa = PBXBuildFile; fileRef = 5A4FD6B4181F1500006400A2 /* CoreLocation.framework */; };
		5A4FD6B7181F1507006400A2 /* libz.1.1.3.dylib in Frameworks */ = {isa = PBXBuildFile; fileRef = 5A4FD6B6181F1507006400A2 /* libz.1.1.3.dylib */; };
		5A4FD6B9181F150E006400A2 /* libsqlite3.dylib in Frameworks */ = {isa = PBXBuildFile; fileRef = 5A4FD6B8181F150E006400A2 /* libsqlite3.dylib */; };
		5A4FD7F2181F1680006400A2 /* FacebookSDK.framework in Frameworks */ = {isa = PBXBuildFile; fileRef = 5A4FD6BB181F1673006400A2 /* FacebookSDK.framework */; };
		5A5ABB3E1818420D00155B8F /* Foundation.framework in Frameworks */ = {isa = PBXBuildFile; fileRef = 5A5ABB3D1818420D00155B8F /* Foundation.framework */; };
		5A5ABB401818420D00155B8F /* CoreGraphics.framework in Frameworks */ = {isa = PBXBuildFile; fileRef = 5A5ABB3F1818420D00155B8F /* CoreGraphics.framework */; };
		5A5ABB421818420D00155B8F /* UIKit.framework in Frameworks */ = {isa = PBXBuildFile; fileRef = 5A5ABB411818420D00155B8F /* UIKit.framework */; };
		5A5ABB5D1818420D00155B8F /* XCTest.framework in Frameworks */ = {isa = PBXBuildFile; fileRef = 5A5ABB5C1818420D00155B8F /* XCTest.framework */; };
		5A5ABB5E1818420D00155B8F /* Foundation.framework in Frameworks */ = {isa = PBXBuildFile; fileRef = 5A5ABB3D1818420D00155B8F /* Foundation.framework */; };
		5A5ABB5F1818420D00155B8F /* UIKit.framework in Frameworks */ = {isa = PBXBuildFile; fileRef = 5A5ABB411818420D00155B8F /* UIKit.framework */; };
		5A5ABB671818420D00155B8F /* InfoPlist.strings in Resources */ = {isa = PBXBuildFile; fileRef = 5A5ABB651818420D00155B8F /* InfoPlist.strings */; };
		5A5ABB691818420D00155B8F /* JustMovdAppTests.m in Sources */ = {isa = PBXBuildFile; fileRef = 5A5ABB681818420D00155B8F /* JustMovdAppTests.m */; };
		5A5ABB7B1818723800155B8F /* Parse.framework in Frameworks */ = {isa = PBXBuildFile; fileRef = 5A5ABB7A1818723800155B8F /* Parse.framework */; };
		E564657C181873E500E2C4A1 /* FacebookSDK.framework in Frameworks */ = {isa = PBXBuildFile; fileRef = E564657B181873E500E2C4A1 /* FacebookSDK.framework */; };
		E564657D1818750B00E2C4A1 /* Parse.framework in Frameworks */ = {isa = PBXBuildFile; fileRef = E56465791818708700E2C4A1 /* Parse.framework */; };
		E564657F1818846900E2C4A1 /* Security.framework in Frameworks */ = {isa = PBXBuildFile; fileRef = E564657E1818846900E2C4A1 /* Security.framework */; };
		E56465811818847300E2C4A1 /* AudioToolbox.framework in Frameworks */ = {isa = PBXBuildFile; fileRef = E56465801818847300E2C4A1 /* AudioToolbox.framework */; };
		E56465831818848500E2C4A1 /* CFNetwork.framework in Frameworks */ = {isa = PBXBuildFile; fileRef = E56465821818848500E2C4A1 /* CFNetwork.framework */; };
		E56465851818849500E2C4A1 /* CoreLocation.framework in Frameworks */ = {isa = PBXBuildFile; fileRef = E56465841818849500E2C4A1 /* CoreLocation.framework */; };
		E56465871818849E00E2C4A1 /* MobileCoreServices.framework in Frameworks */ = {isa = PBXBuildFile; fileRef = E56465861818849E00E2C4A1 /* MobileCoreServices.framework */; };
		E5646589181884AB00E2C4A1 /* libz.1.1.3.dylib in Frameworks */ = {isa = PBXBuildFile; fileRef = E5646588181884AB00E2C4A1 /* libz.1.1.3.dylib */; };
		E564658B181884CD00E2C4A1 /* QuartzCore.framework in Frameworks */ = {isa = PBXBuildFile; fileRef = E564658A181884CD00E2C4A1 /* QuartzCore.framework */; };
		E564658D181884E300E2C4A1 /* StoreKit.framework in Frameworks */ = {isa = PBXBuildFile; fileRef = E564658C181884E300E2C4A1 /* StoreKit.framework */; };
		E564658F181884EF00E2C4A1 /* SystemConfiguration.framework in Frameworks */ = {isa = PBXBuildFile; fileRef = E564658E181884EF00E2C4A1 /* SystemConfiguration.framework */; };
		E56AE9A7181F49B200E12C87 /* Accelerate.framework in Frameworks */ = {isa = PBXBuildFile; fileRef = E56AE9A6181F49B100E12C87 /* Accelerate.framework */; };
/* End PBXBuildFile section */

/* Begin PBXContainerItemProxy section */
		5A5ABB601818420D00155B8F /* PBXContainerItemProxy */ = {
			isa = PBXContainerItemProxy;
			containerPortal = 5A5ABB321818420D00155B8F /* Project object */;
			proxyType = 1;
			remoteGlobalIDString = 5A5ABB391818420D00155B8F;
			remoteInfo = JustMovdApp;
		};
/* End PBXContainerItemProxy section */

/* Begin PBXFileReference section */
		528AEF8118207E77002AB658 /* AddNewPostToActivityFeedDelegate.h */ = {isa = PBXFileReference; fileEncoding = 4; lastKnownFileType = sourcecode.c.h; path = AddNewPostToActivityFeedDelegate.h; sourceTree = "<group>"; };
		528AEF8218209B3A002AB658 /* VenuesMapViewController.h */ = {isa = PBXFileReference; fileEncoding = 4; lastKnownFileType = sourcecode.c.h; path = VenuesMapViewController.h; sourceTree = "<group>"; };
		528AEF8318209B3A002AB658 /* VenuesMapViewController.m */ = {isa = PBXFileReference; fileEncoding = 4; lastKnownFileType = sourcecode.c.objc; path = VenuesMapViewController.m; sourceTree = "<group>"; };
		52B9C40918186ED500A875B7 /* Parse.framework */ = {isa = PBXFileReference; lastKnownFileType = wrapper.framework; path = Parse.framework; sourceTree = "<group>"; };
		52B9C40B1818845C00A875B7 /* AudioToolbox.framework */ = {isa = PBXFileReference; lastKnownFileType = wrapper.framework; name = AudioToolbox.framework; path = System/Library/Frameworks/AudioToolbox.framework; sourceTree = SDKROOT; };
		52B9C40D1818846900A875B7 /* CFNetwork.framework */ = {isa = PBXFileReference; lastKnownFileType = wrapper.framework; name = CFNetwork.framework; path = System/Library/Frameworks/CFNetwork.framework; sourceTree = SDKROOT; };
		52B9C40F1818848300A875B7 /* CoreLocation.framework */ = {isa = PBXFileReference; lastKnownFileType = wrapper.framework; name = CoreLocation.framework; path = System/Library/Frameworks/CoreLocation.framework; sourceTree = SDKROOT; };
		52B9C4111818849100A875B7 /* libz.1.1.3.dylib */ = {isa = PBXFileReference; lastKnownFileType = "compiled.mach-o.dylib"; name = libz.1.1.3.dylib; path = usr/lib/libz.1.1.3.dylib; sourceTree = SDKROOT; };
		52B9C4131818849C00A875B7 /* MobileCoreServices.framework */ = {isa = PBXFileReference; lastKnownFileType = wrapper.framework; name = MobileCoreServices.framework; path = System/Library/Frameworks/MobileCoreServices.framework; sourceTree = SDKROOT; };
		52B9C415181884AC00A875B7 /* QuartzCore.framework */ = {isa = PBXFileReference; lastKnownFileType = wrapper.framework; name = QuartzCore.framework; path = System/Library/Frameworks/QuartzCore.framework; sourceTree = SDKROOT; };
		52B9C417181884BA00A875B7 /* Security.framework */ = {isa = PBXFileReference; lastKnownFileType = wrapper.framework; name = Security.framework; path = System/Library/Frameworks/Security.framework; sourceTree = SDKROOT; };
		52B9C419181884C700A875B7 /* StoreKit.framework */ = {isa = PBXFileReference; lastKnownFileType = wrapper.framework; name = StoreKit.framework; path = System/Library/Frameworks/StoreKit.framework; sourceTree = SDKROOT; };
		52B9C41B181884D000A875B7 /* SystemConfiguration.framework */ = {isa = PBXFileReference; lastKnownFileType = wrapper.framework; name = SystemConfiguration.framework; path = System/Library/Frameworks/SystemConfiguration.framework; sourceTree = SDKROOT; };
		5A169AA018201F340042767E /* AboutEditCell.h */ = {isa = PBXFileReference; fileEncoding = 4; lastKnownFileType = sourcecode.c.h; path = AboutEditCell.h; sourceTree = "<group>"; };
		5A169AA118201F340042767E /* AboutEditCell.m */ = {isa = PBXFileReference; fileEncoding = 4; lastKnownFileType = sourcecode.c.objc; path = AboutEditCell.m; sourceTree = "<group>"; };
		5A169AA218201F340042767E /* activityfeedcell_icon_comment.png */ = {isa = PBXFileReference; lastKnownFileType = image.png; path = activityfeedcell_icon_comment.png; sourceTree = "<group>"; };
		5A169AA318201F340042767E /* ActivityFeedCell.h */ = {isa = PBXFileReference; fileEncoding = 4; lastKnownFileType = sourcecode.c.h; path = ActivityFeedCell.h; sourceTree = "<group>"; };
		5A169AA418201F340042767E /* ActivityFeedCell.m */ = {isa = PBXFileReference; fileEncoding = 4; lastKnownFileType = sourcecode.c.objc; path = ActivityFeedCell.m; sourceTree = "<group>"; };
		5A169AA518201F340042767E /* ActivityFeedCellDelegate.h */ = {isa = PBXFileReference; fileEncoding = 4; lastKnownFileType = sourcecode.c.h; path = ActivityFeedCellDelegate.h; sourceTree = "<group>"; };
		5A169AA618201F340042767E /* ActivityFeedViewController.h */ = {isa = PBXFileReference; fileEncoding = 4; lastKnownFileType = sourcecode.c.h; path = ActivityFeedViewController.h; sourceTree = "<group>"; };
		5A169AA718201F340042767E /* ActivityFeedViewController.m */ = {isa = PBXFileReference; fileEncoding = 4; lastKnownFileType = sourcecode.c.objc; path = ActivityFeedViewController.m; sourceTree = "<group>"; };
		5A169AA818201F340042767E /* AddCommentViewController.h */ = {isa = PBXFileReference; fileEncoding = 4; lastKnownFileType = sourcecode.c.h; path = AddCommentViewController.h; sourceTree = "<group>"; };
		5A169AA918201F340042767E /* AddCommentViewController.m */ = {isa = PBXFileReference; fileEncoding = 4; lastKnownFileType = sourcecode.c.objc; path = AddCommentViewController.m; sourceTree = "<group>"; };
		5A169AAA18201F340042767E /* AppDelegate.h */ = {isa = PBXFileReference; fileEncoding = 4; lastKnownFileType = sourcecode.c.h; path = AppDelegate.h; sourceTree = "<group>"; };
		5A169AAB18201F340042767E /* AppDelegate.m */ = {isa = PBXFileReference; fileEncoding = 4; lastKnownFileType = sourcecode.c.objc; path = AppDelegate.m; sourceTree = "<group>"; };
		5A169AAC18201F340042767E /* background.png */ = {isa = PBXFileReference; lastKnownFileType = image.png; path = background.png; sourceTree = "<group>"; };
		5A169AAD18201F340042767E /* background2_size.png */ = {isa = PBXFileReference; lastKnownFileType = image.png; path = background2_size.png; sourceTree = "<group>"; };
		5A169AAE18201F340042767E /* background3_size.png */ = {isa = PBXFileReference; lastKnownFileType = image.png; path = background3_size.png; sourceTree = "<group>"; };
		5A169AB118201F340042767E /* Base */ = {isa = PBXFileReference; lastKnownFileType = file.storyboard; name = Base; path = Main.storyboard; sourceTree = "<group>"; };
		5A169AB218201F340042767E /* BaseColor.png */ = {isa = PBXFileReference; lastKnownFileType = image.png; path = BaseColor.png; sourceTree = "<group>"; };
		5A169AB318201F340042767E /* beer_size@2x.png */ = {isa = PBXFileReference; lastKnownFileType = image.png; path = "beer_size@2x.png"; sourceTree = "<group>"; };
		5A169AB418201F340042767E /* bluebeer_tall.png */ = {isa = PBXFileReference; lastKnownFileType = image.png; path = bluebeer_tall.png; sourceTree = "<group>"; };
		5A169AB518201F340042767E /* coffee_circle.png */ = {isa = PBXFileReference; lastKnownFileType = image.png; path = coffee_circle.png; sourceTree = "<group>"; };
		5A169AB618201F340042767E /* coffee_tall.png */ = {isa = PBXFileReference; lastKnownFileType = image.png; path = coffee_tall.png; sourceTree = "<group>"; };
		5A169AB718201F340042767E /* Comms.h */ = {isa = PBXFileReference; fileEncoding = 4; lastKnownFileType = sourcecode.c.h; path = Comms.h; sourceTree = "<group>"; };
		5A169AB818201F340042767E /* Comms.m */ = {isa = PBXFileReference; fileEncoding = 4; lastKnownFileType = sourcecode.c.objc; path = Comms.m; sourceTree = "<group>"; };
		5A169AB918201F340042767E /* david_profile.jpg */ = {isa = PBXFileReference; lastKnownFileType = image.jpeg; path = david_profile.jpg; sourceTree = "<group>"; };
		5A169ABA18201F340042767E /* EditProfileViewController.h */ = {isa = PBXFileReference; fileEncoding = 4; lastKnownFileType = sourcecode.c.h; path = EditProfileViewController.h; sourceTree = "<group>"; };
		5A169ABB18201F340042767E /* EditProfileViewController.m */ = {isa = PBXFileReference; fileEncoding = 4; lastKnownFileType = sourcecode.c.objc; path = EditProfileViewController.m; sourceTree = "<group>"; };
		5A169ABF18201F340042767E /* FakeProfileViewController.h */ = {isa = PBXFileReference; fileEncoding = 4; lastKnownFileType = sourcecode.c.h; path = FakeProfileViewController.h; sourceTree = "<group>"; };
		5A169AC018201F340042767E /* FakeProfileViewController.m */ = {isa = PBXFileReference; fileEncoding = 4; lastKnownFileType = sourcecode.c.objc; path = FakeProfileViewController.m; sourceTree = "<group>"; };
		5A169AC118201F340042767E /* FeedStoryboard.storyboard */ = {isa = PBXFileReference; fileEncoding = 4; lastKnownFileType = file.storyboard; path = FeedStoryboard.storyboard; sourceTree = "<group>"; };
		5A169AC218201F340042767E /* Images.xcassets */ = {isa = PBXFileReference; lastKnownFileType = folder.assetcatalog; path = Images.xcassets; sourceTree = "<group>"; };
		5A169AC318201F340042767E /* InfoCell.h */ = {isa = PBXFileReference; fileEncoding = 4; lastKnownFileType = sourcecode.c.h; path = InfoCell.h; sourceTree = "<group>"; };
		5A169AC418201F340042767E /* InfoCell.m */ = {isa = PBXFileReference; fileEncoding = 4; lastKnownFileType = sourcecode.c.objc; path = InfoCell.m; sourceTree = "<group>"; };
		5A169AC518201F340042767E /* IntroChildViewController.h */ = {isa = PBXFileReference; fileEncoding = 4; lastKnownFileType = sourcecode.c.h; path = IntroChildViewController.h; sourceTree = "<group>"; };
		5A169AC618201F340042767E /* IntroChildViewController.m */ = {isa = PBXFileReference; fileEncoding = 4; lastKnownFileType = sourcecode.c.objc; path = IntroChildViewController.m; sourceTree = "<group>"; };
		5A169AC718201F340042767E /* IntroParentViewController.h */ = {isa = PBXFileReference; fileEncoding = 4; lastKnownFileType = sourcecode.c.h; path = IntroParentViewController.h; sourceTree = "<group>"; };
		5A169AC818201F340042767E /* IntroParentViewController.m */ = {isa = PBXFileReference; fileEncoding = 4; lastKnownFileType = sourcecode.c.objc; path = IntroParentViewController.m; sourceTree = "<group>"; };
		5A169AC918201F340042767E /* JustMovdApp-Info.plist */ = {isa = PBXFileReference; fileEncoding = 4; lastKnownFileType = text.plist.xml; path = "JustMovdApp-Info.plist"; sourceTree = "<group>"; };
		5A169ACA18201F340042767E /* JustMovdApp-Prefix.pch */ = {isa = PBXFileReference; fileEncoding = 4; lastKnownFileType = sourcecode.c.h; path = "JustMovdApp-Prefix.pch"; sourceTree = "<group>"; };
		5A169ACB18201F340042767E /* KyleMai.storyboard */ = {isa = PBXFileReference; fileEncoding = 4; lastKnownFileType = file.storyboard; path = KyleMai.storyboard; sourceTree = "<group>"; };
		5A169ACC18201F340042767E /* KyleMai@2x.jpg */ = {isa = PBXFileReference; lastKnownFileType = image.jpeg; path = "KyleMai@2x.jpg"; sourceTree = "<group>"; };
		5A169ACD18201F340042767E /* main.m */ = {isa = PBXFileReference; fileEncoding = 4; lastKnownFileType = sourcecode.c.objc; path = main.m; sourceTree = "<group>"; };
		5A169ACE18201F340042767E /* messageButton@2x.png */ = {isa = PBXFileReference; lastKnownFileType = image.png; path = "messageButton@2x.png"; sourceTree = "<group>"; };
		5A169ACF18201F340042767E /* OtherEditCell.h */ = {isa = PBXFileReference; fileEncoding = 4; lastKnownFileType = sourcecode.c.h; path = OtherEditCell.h; sourceTree = "<group>"; };
		5A169AD018201F340042767E /* OtherEditCell.m */ = {isa = PBXFileReference; fileEncoding = 4; lastKnownFileType = sourcecode.c.objc; path = OtherEditCell.m; sourceTree = "<group>"; };
		5A169AD118201F340042767E /* PFImageView+ImageHandler.h */ = {isa = PBXFileReference; fileEncoding = 4; lastKnownFileType = sourcecode.c.h; path = "PFImageView+ImageHandler.h"; sourceTree = "<group>"; };
		5A169AD218201F340042767E /* PFImageView+ImageHandler.m */ = {isa = PBXFileReference; fileEncoding = 4; lastKnownFileType = sourcecode.c.objc; path = "PFImageView+ImageHandler.m"; sourceTree = "<group>"; };
		5A169AD318201F340042767E /* PictureCell.h */ = {isa = PBXFileReference; fileEncoding = 4; lastKnownFileType = sourcecode.c.h; path = PictureCell.h; sourceTree = "<group>"; };
		5A169AD418201F340042767E /* PictureCell.m */ = {isa = PBXFileReference; fileEncoding = 4; lastKnownFileType = sourcecode.c.objc; path = PictureCell.m; sourceTree = "<group>"; };
		5A169AD518201F340042767E /* PostDetailViewController.h */ = {isa = PBXFileReference; fileEncoding = 4; lastKnownFileType = sourcecode.c.h; path = PostDetailViewController.h; sourceTree = "<group>"; };
		5A169AD618201F340042767E /* PostDetailViewController.m */ = {isa = PBXFileReference; fileEncoding = 4; lastKnownFileType = sourcecode.c.objc; path = PostDetailViewController.m; sourceTree = "<group>"; };
		5A169AD718201F340042767E /* PostsByUserCell.h */ = {isa = PBXFileReference; fileEncoding = 4; lastKnownFileType = sourcecode.c.h; path = PostsByUserCell.h; sourceTree = "<group>"; };
		5A169AD818201F340042767E /* PostsByUserCell.m */ = {isa = PBXFileReference; fileEncoding = 4; lastKnownFileType = sourcecode.c.objc; path = PostsByUserCell.m; sourceTree = "<group>"; };
		5A169AD918201F340042767E /* profile.jpg */ = {isa = PBXFileReference; lastKnownFileType = image.jpeg; path = profile.jpg; sourceTree = "<group>"; };
		5A169ADA18201F340042767E /* Questionnaire.storyboard */ = {isa = PBXFileReference; fileEncoding = 4; lastKnownFileType = file.storyboard; path = Questionnaire.storyboard; sourceTree = "<group>"; };
		5A169ADB18201F340042767E /* QuestionnaireViewController.h */ = {isa = PBXFileReference; fileEncoding = 4; lastKnownFileType = sourcecode.c.h; path = QuestionnaireViewController.h; sourceTree = "<group>"; };
		5A169ADC18201F340042767E /* QuestionnaireViewController.m */ = {isa = PBXFileReference; fileEncoding = 4; lastKnownFileType = sourcecode.c.objc; path = QuestionnaireViewController.m; sourceTree = "<group>"; };
		5A169ADD18201F340042767E /* QuestionView.h */ = {isa = PBXFileReference; fileEncoding = 4; lastKnownFileType = sourcecode.c.h; path = QuestionView.h; sourceTree = "<group>"; };
		5A169ADE18201F340042767E /* QuestionView.m */ = {isa = PBXFileReference; fileEncoding = 4; lastKnownFileType = sourcecode.c.objc; path = QuestionView.m; sourceTree = "<group>"; };
		5A169ADF18201F340042767E /* QuestionViewDelegate.h */ = {isa = PBXFileReference; fileEncoding = 4; lastKnownFileType = sourcecode.c.h; path = QuestionViewDelegate.h; sourceTree = "<group>"; };
		5A169AE018201F340042767E /* Roboto-Light.ttf */ = {isa = PBXFileReference; lastKnownFileType = file; path = "Roboto-Light.ttf"; sourceTree = "<group>"; };
		5A169AE118201F340042767E /* Roboto-Medium.ttf */ = {isa = PBXFileReference; lastKnownFileType = file; path = "Roboto-Medium.ttf"; sourceTree = "<group>"; };
		5A169AE218201F340042767E /* Roboto-Regular.ttf */ = {isa = PBXFileReference; lastKnownFileType = file; path = "Roboto-Regular.ttf"; sourceTree = "<group>"; };
		5A169AE318201F340042767E /* Roboto-Thin.ttf */ = {isa = PBXFileReference; lastKnownFileType = file; path = "Roboto-Thin.ttf"; sourceTree = "<group>"; };
		5A169AE418201F340042767E /* Screen Shot 2013-10-23 at 9.08.02 PM.png */ = {isa = PBXFileReference; lastKnownFileType = image.png; path = "Screen Shot 2013-10-23 at 9.08.02 PM.png"; sourceTree = "<group>"; };
		5A169AE518201F340042767E /* Screen Shot 2013-10-28 at 7.03.39 PM.png */ = {isa = PBXFileReference; lastKnownFileType = image.png; path = "Screen Shot 2013-10-28 at 7.03.39 PM.png"; sourceTree = "<group>"; };
		5A169AE618201F340042767E /* SearchUsersViewController.h */ = {isa = PBXFileReference; fileEncoding = 4; lastKnownFileType = sourcecode.c.h; path = SearchUsersViewController.h; sourceTree = "<group>"; };
		5A169AE718201F340042767E /* SearchUsersViewController.m */ = {isa = PBXFileReference; fileEncoding = 4; lastKnownFileType = sourcecode.c.objc; path = SearchUsersViewController.m; sourceTree = "<group>"; };
		5A169AE818201F340042767E /* sports_circle.png */ = {isa = PBXFileReference; lastKnownFileType = image.png; path = sports_circle.png; sourceTree = "<group>"; };
		5A169AE918201F340042767E /* stephen_profile.jpg */ = {isa = PBXFileReference; lastKnownFileType = image.jpeg; path = stephen_profile.jpg; sourceTree = "<group>"; };
		5A169AEA18201F340042767E /* TableViewBG@2x.png */ = {isa = PBXFileReference; lastKnownFileType = image.png; path = "TableViewBG@2x.png"; sourceTree = "<group>"; };
		5A169AEB18201F340042767E /* testImage.png */ = {isa = PBXFileReference; lastKnownFileType = image.png; path = testImage.png; sourceTree = "<group>"; };
		5A169AEF18201F340042767E /* TTTTimeIntervalFormatter.h */ = {isa = PBXFileReference; fileEncoding = 4; lastKnownFileType = sourcecode.c.h; path = TTTTimeIntervalFormatter.h; sourceTree = "<group>"; };
		5A169AF018201F340042767E /* TTTTimeIntervalFormatter.m */ = {isa = PBXFileReference; fileEncoding = 4; lastKnownFileType = sourcecode.c.objc; path = TTTTimeIntervalFormatter.m; sourceTree = "<group>"; };
		5A169AF118201F340042767E /* UIImage+StackBlur.h */ = {isa = PBXFileReference; fileEncoding = 4; lastKnownFileType = sourcecode.c.h; path = "UIImage+StackBlur.h"; sourceTree = "<group>"; };
		5A169AF218201F340042767E /* UIImage+StackBlur.m */ = {isa = PBXFileReference; fileEncoding = 4; lastKnownFileType = sourcecode.c.objc; path = "UIImage+StackBlur.m"; sourceTree = "<group>"; };
		5A169AF318201F340042767E /* UpdateCellHeader.h */ = {isa = PBXFileReference; fileEncoding = 4; lastKnownFileType = sourcecode.c.h; path = UpdateCellHeader.h; sourceTree = "<group>"; };
		5A169AF418201F340042767E /* UpdateCellHeader.m */ = {isa = PBXFileReference; fileEncoding = 4; lastKnownFileType = sourcecode.c.objc; path = UpdateCellHeader.m; sourceTree = "<group>"; };
		5A169AF518201F340042767E /* UpdateCellHeader.xib */ = {isa = PBXFileReference; fileEncoding = 4; lastKnownFileType = file.xib; path = UpdateCellHeader.xib; sourceTree = "<group>"; };
		5A169AF618201F340042767E /* UserProfileViewController.h */ = {isa = PBXFileReference; fileEncoding = 4; lastKnownFileType = sourcecode.c.h; path = UserProfileViewController.h; sourceTree = "<group>"; };
		5A169AF718201F340042767E /* UserProfileViewController.m */ = {isa = PBXFileReference; fileEncoding = 4; lastKnownFileType = sourcecode.c.objc; path = UserProfileViewController.m; sourceTree = "<group>"; };
		5A169AF818201F340042767E /* vidgame_circle.png */ = {isa = PBXFileReference; lastKnownFileType = image.png; path = vidgame_circle.png; sourceTree = "<group>"; };
		5A169AF918201F340042767E /* weightlifting_circle.png */ = {isa = PBXFileReference; lastKnownFileType = image.png; path = weightlifting_circle.png; sourceTree = "<group>"; };
		5A169AFA18201F340042767E /* will_profile.jpg */ = {isa = PBXFileReference; lastKnownFileType = image.jpeg; path = will_profile.jpg; sourceTree = "<group>"; };
		5A169AFB18201F340042767E /* yoga_circle.png */ = {isa = PBXFileReference; lastKnownFileType = image.png; path = yoga_circle.png; sourceTree = "<group>"; };
		5A4FD6A0181F1460006400A2 /* Accounts.framework */ = {isa = PBXFileReference; lastKnownFileType = wrapper.framework; name = Accounts.framework; path = System/Library/Frameworks/Accounts.framework; sourceTree = SDKROOT; };
		5A4FD6A2181F1468006400A2 /* Security.framework */ = {isa = PBXFileReference; lastKnownFileType = wrapper.framework; name = Security.framework; path = System/Library/Frameworks/Security.framework; sourceTree = SDKROOT; };
		5A4FD6A4181F1474006400A2 /* Social.framework */ = {isa = PBXFileReference; lastKnownFileType = wrapper.framework; name = Social.framework; path = System/Library/Frameworks/Social.framework; sourceTree = SDKROOT; };
		5A4FD6A6181F1489006400A2 /* CFNetwork.framework */ = {isa = PBXFileReference; lastKnownFileType = wrapper.framework; name = CFNetwork.framework; path = System/Library/Frameworks/CFNetwork.framework; sourceTree = SDKROOT; };
		5A4FD6A8181F14C9006400A2 /* AdSupport.framework */ = {isa = PBXFileReference; lastKnownFileType = wrapper.framework; name = AdSupport.framework; path = System/Library/Frameworks/AdSupport.framework; sourceTree = SDKROOT; };
		5A4FD6AA181F14D7006400A2 /* StoreKit.framework */ = {isa = PBXFileReference; lastKnownFileType = wrapper.framework; name = StoreKit.framework; path = System/Library/Frameworks/StoreKit.framework; sourceTree = SDKROOT; };
		5A4FD6AC181F14DC006400A2 /* MobileCoreServices.framework */ = {isa = PBXFileReference; lastKnownFileType = wrapper.framework; name = MobileCoreServices.framework; path = System/Library/Frameworks/MobileCoreServices.framework; sourceTree = SDKROOT; };
		5A4FD6AE181F14E2006400A2 /* AudioToolbox.framework */ = {isa = PBXFileReference; lastKnownFileType = wrapper.framework; name = AudioToolbox.framework; path = System/Library/Frameworks/AudioToolbox.framework; sourceTree = SDKROOT; };
		5A4FD6B0181F14ED006400A2 /* SystemConfiguration.framework */ = {isa = PBXFileReference; lastKnownFileType = wrapper.framework; name = SystemConfiguration.framework; path = System/Library/Frameworks/SystemConfiguration.framework; sourceTree = SDKROOT; };
		5A4FD6B2181F14FB006400A2 /* QuartzCore.framework */ = {isa = PBXFileReference; lastKnownFileType = wrapper.framework; name = QuartzCore.framework; path = System/Library/Frameworks/QuartzCore.framework; sourceTree = SDKROOT; };
		5A4FD6B4181F1500006400A2 /* CoreLocation.framework */ = {isa = PBXFileReference; lastKnownFileType = wrapper.framework; name = CoreLocation.framework; path = System/Library/Frameworks/CoreLocation.framework; sourceTree = SDKROOT; };
		5A4FD6B6181F1507006400A2 /* libz.1.1.3.dylib */ = {isa = PBXFileReference; lastKnownFileType = "compiled.mach-o.dylib"; name = libz.1.1.3.dylib; path = usr/lib/libz.1.1.3.dylib; sourceTree = SDKROOT; };
		5A4FD6B8181F150E006400A2 /* libsqlite3.dylib */ = {isa = PBXFileReference; lastKnownFileType = "compiled.mach-o.dylib"; name = libsqlite3.dylib; path = usr/lib/libsqlite3.dylib; sourceTree = SDKROOT; };
		5A4FD6BB181F1673006400A2 /* FacebookSDK.framework */ = {isa = PBXFileReference; lastKnownFileType = wrapper.framework; name = FacebookSDK.framework; path = FacebookSDK/FacebookSDK.framework; sourceTree = "<group>"; };
		5A5ABB3A1818420D00155B8F /* JustMovdApp.app */ = {isa = PBXFileReference; explicitFileType = wrapper.application; includeInIndex = 0; path = JustMovdApp.app; sourceTree = BUILT_PRODUCTS_DIR; };
		5A5ABB3D1818420D00155B8F /* Foundation.framework */ = {isa = PBXFileReference; lastKnownFileType = wrapper.framework; name = Foundation.framework; path = System/Library/Frameworks/Foundation.framework; sourceTree = SDKROOT; };
		5A5ABB3F1818420D00155B8F /* CoreGraphics.framework */ = {isa = PBXFileReference; lastKnownFileType = wrapper.framework; name = CoreGraphics.framework; path = System/Library/Frameworks/CoreGraphics.framework; sourceTree = SDKROOT; };
		5A5ABB411818420D00155B8F /* UIKit.framework */ = {isa = PBXFileReference; lastKnownFileType = wrapper.framework; name = UIKit.framework; path = System/Library/Frameworks/UIKit.framework; sourceTree = SDKROOT; };
		5A5ABB5B1818420D00155B8F /* JustMovdAppTests.xctest */ = {isa = PBXFileReference; explicitFileType = wrapper.cfbundle; includeInIndex = 0; path = JustMovdAppTests.xctest; sourceTree = BUILT_PRODUCTS_DIR; };
		5A5ABB5C1818420D00155B8F /* XCTest.framework */ = {isa = PBXFileReference; lastKnownFileType = wrapper.framework; name = XCTest.framework; path = Library/Frameworks/XCTest.framework; sourceTree = DEVELOPER_DIR; };
		5A5ABB641818420D00155B8F /* JustMovdAppTests-Info.plist */ = {isa = PBXFileReference; lastKnownFileType = text.plist.xml; path = "JustMovdAppTests-Info.plist"; sourceTree = "<group>"; };
		5A5ABB661818420D00155B8F /* en */ = {isa = PBXFileReference; lastKnownFileType = text.plist.strings; name = en; path = en.lproj/InfoPlist.strings; sourceTree = "<group>"; };
		5A5ABB681818420D00155B8F /* JustMovdAppTests.m */ = {isa = PBXFileReference; lastKnownFileType = sourcecode.c.objc; path = JustMovdAppTests.m; sourceTree = "<group>"; };
		5A5ABB7A1818723800155B8F /* Parse.framework */ = {isa = PBXFileReference; lastKnownFileType = wrapper.framework; path = Parse.framework; sourceTree = "<group>"; };
		E56465791818708700E2C4A1 /* Parse.framework */ = {isa = PBXFileReference; lastKnownFileType = wrapper.framework; path = Parse.framework; sourceTree = "<group>"; };
		E564657B181873E500E2C4A1 /* FacebookSDK.framework */ = {isa = PBXFileReference; lastKnownFileType = wrapper.framework; path = FacebookSDK.framework; sourceTree = "<group>"; };
		E564657E1818846900E2C4A1 /* Security.framework */ = {isa = PBXFileReference; lastKnownFileType = wrapper.framework; name = Security.framework; path = System/Library/Frameworks/Security.framework; sourceTree = SDKROOT; };
		E56465801818847300E2C4A1 /* AudioToolbox.framework */ = {isa = PBXFileReference; lastKnownFileType = wrapper.framework; name = AudioToolbox.framework; path = System/Library/Frameworks/AudioToolbox.framework; sourceTree = SDKROOT; };
		E56465821818848500E2C4A1 /* CFNetwork.framework */ = {isa = PBXFileReference; lastKnownFileType = wrapper.framework; name = CFNetwork.framework; path = System/Library/Frameworks/CFNetwork.framework; sourceTree = SDKROOT; };
		E56465841818849500E2C4A1 /* CoreLocation.framework */ = {isa = PBXFileReference; lastKnownFileType = wrapper.framework; name = CoreLocation.framework; path = System/Library/Frameworks/CoreLocation.framework; sourceTree = SDKROOT; };
		E56465861818849E00E2C4A1 /* MobileCoreServices.framework */ = {isa = PBXFileReference; lastKnownFileType = wrapper.framework; name = MobileCoreServices.framework; path = System/Library/Frameworks/MobileCoreServices.framework; sourceTree = SDKROOT; };
		E5646588181884AB00E2C4A1 /* libz.1.1.3.dylib */ = {isa = PBXFileReference; lastKnownFileType = "compiled.mach-o.dylib"; name = libz.1.1.3.dylib; path = usr/lib/libz.1.1.3.dylib; sourceTree = SDKROOT; };
		E564658A181884CD00E2C4A1 /* QuartzCore.framework */ = {isa = PBXFileReference; lastKnownFileType = wrapper.framework; name = QuartzCore.framework; path = System/Library/Frameworks/QuartzCore.framework; sourceTree = SDKROOT; };
		E564658C181884E300E2C4A1 /* StoreKit.framework */ = {isa = PBXFileReference; lastKnownFileType = wrapper.framework; name = StoreKit.framework; path = System/Library/Frameworks/StoreKit.framework; sourceTree = SDKROOT; };
		E564658E181884EF00E2C4A1 /* SystemConfiguration.framework */ = {isa = PBXFileReference; lastKnownFileType = wrapper.framework; name = SystemConfiguration.framework; path = System/Library/Frameworks/SystemConfiguration.framework; sourceTree = SDKROOT; };
		E56AE9A6181F49B100E12C87 /* Accelerate.framework */ = {isa = PBXFileReference; lastKnownFileType = wrapper.framework; name = Accelerate.framework; path = System/Library/Frameworks/Accelerate.framework; sourceTree = SDKROOT; };
/* End PBXFileReference section */

/* Begin PBXFrameworksBuildPhase section */
		5A5ABB371818420D00155B8F /* Frameworks */ = {
			isa = PBXFrameworksBuildPhase;
			buildActionMask = 2147483647;
			files = (
				5A4FD7F2181F1680006400A2 /* FacebookSDK.framework in Frameworks */,
				5A5ABB401818420D00155B8F /* CoreGraphics.framework in Frameworks */,
				5A4FD6A5181F1474006400A2 /* Social.framework in Frameworks */,
				5A4FD6B9181F150E006400A2 /* libsqlite3.dylib in Frameworks */,
				5A4FD6B7181F1507006400A2 /* libz.1.1.3.dylib in Frameworks */,
				5A4FD6B5181F1500006400A2 /* CoreLocation.framework in Frameworks */,
				5A4FD6B3181F14FB006400A2 /* QuartzCore.framework in Frameworks */,
				5A4FD6A3181F1468006400A2 /* Security.framework in Frameworks */,
				5A4FD6B1181F14ED006400A2 /* SystemConfiguration.framework in Frameworks */,
				5A4FD6A7181F1489006400A2 /* CFNetwork.framework in Frameworks */,
				5A4FD6AF181F14E2006400A2 /* AudioToolbox.framework in Frameworks */,
				5A4FD6AD181F14DC006400A2 /* MobileCoreServices.framework in Frameworks */,
				5A4FD6AB181F14D7006400A2 /* StoreKit.framework in Frameworks */,
				5A4FD6A1181F1460006400A2 /* Accounts.framework in Frameworks */,
				5A4FD6A9181F14C9006400A2 /* AdSupport.framework in Frameworks */,
				5A5ABB7B1818723800155B8F /* Parse.framework in Frameworks */,
				E56AE9A7181F49B200E12C87 /* Accelerate.framework in Frameworks */,
				E564658F181884EF00E2C4A1 /* SystemConfiguration.framework in Frameworks */,
				E564658D181884E300E2C4A1 /* StoreKit.framework in Frameworks */,
				E564658B181884CD00E2C4A1 /* QuartzCore.framework in Frameworks */,
				E5646589181884AB00E2C4A1 /* libz.1.1.3.dylib in Frameworks */,
				E56465871818849E00E2C4A1 /* MobileCoreServices.framework in Frameworks */,
				E56465851818849500E2C4A1 /* CoreLocation.framework in Frameworks */,
				5A5ABB401818420D00155B8F /* CoreGraphics.framework in Frameworks */,
				E56465831818848500E2C4A1 /* CFNetwork.framework in Frameworks */,
				E56465811818847300E2C4A1 /* AudioToolbox.framework in Frameworks */,
				E564657F1818846900E2C4A1 /* Security.framework in Frameworks */,
				E564657D1818750B00E2C4A1 /* Parse.framework in Frameworks */,
				E564657C181873E500E2C4A1 /* FacebookSDK.framework in Frameworks */,
				52B9C41C181884D000A875B7 /* SystemConfiguration.framework in Frameworks */,
				52B9C41A181884C700A875B7 /* StoreKit.framework in Frameworks */,
				52B9C418181884BA00A875B7 /* Security.framework in Frameworks */,
				52B9C416181884AC00A875B7 /* QuartzCore.framework in Frameworks */,
				52B9C4141818849C00A875B7 /* MobileCoreServices.framework in Frameworks */,
				52B9C4121818849100A875B7 /* libz.1.1.3.dylib in Frameworks */,
				52B9C4101818848300A875B7 /* CoreLocation.framework in Frameworks */,
				5A5ABB401818420D00155B8F /* CoreGraphics.framework in Frameworks */,
				52B9C40E1818846900A875B7 /* CFNetwork.framework in Frameworks */,
				52B9C40C1818845C00A875B7 /* AudioToolbox.framework in Frameworks */,
				5A5ABB421818420D00155B8F /* UIKit.framework in Frameworks */,
				52B9C40A18186ED500A875B7 /* Parse.framework in Frameworks */,
				5A5ABB3E1818420D00155B8F /* Foundation.framework in Frameworks */,
			);
			runOnlyForDeploymentPostprocessing = 0;
		};
		5A5ABB581818420D00155B8F /* Frameworks */ = {
			isa = PBXFrameworksBuildPhase;
			buildActionMask = 2147483647;
			files = (
				5A5ABB5D1818420D00155B8F /* XCTest.framework in Frameworks */,
				5A5ABB5F1818420D00155B8F /* UIKit.framework in Frameworks */,
				5A5ABB5E1818420D00155B8F /* Foundation.framework in Frameworks */,
			);
			runOnlyForDeploymentPostprocessing = 0;
		};
/* End PBXFrameworksBuildPhase section */

/* Begin PBXGroup section */
		528AEF7B18203978002AB658 /* Fonts */ = {
			isa = PBXGroup;
			children = (
				5A169AE018201F340042767E /* Roboto-Light.ttf */,
				5A169AE118201F340042767E /* Roboto-Medium.ttf */,
				5A169AE218201F340042767E /* Roboto-Regular.ttf */,
				5A169AE318201F340042767E /* Roboto-Thin.ttf */,
			);
			name = Fonts;
			sourceTree = "<group>";
		};
		528AEF7C182039AB002AB658 /* Images */ = {
			isa = PBXGroup;
			children = (
				5A169AAC18201F340042767E /* background.png */,
				5A169AB218201F340042767E /* BaseColor.png */,
				5A169AA218201F340042767E /* activityfeedcell_icon_comment.png */,
				5A169AAD18201F340042767E /* background2_size.png */,
				5A169AAE18201F340042767E /* background3_size.png */,
				5A169AB318201F340042767E /* beer_size@2x.png */,
				5A169AB418201F340042767E /* bluebeer_tall.png */,
				5A169AB518201F340042767E /* coffee_circle.png */,
				5A169AB618201F340042767E /* coffee_tall.png */,
				5A169AB918201F340042767E /* david_profile.jpg */,
				5A169ACC18201F340042767E /* KyleMai@2x.jpg */,
				5A169ACE18201F340042767E /* messageButton@2x.png */,
				5A169AD918201F340042767E /* profile.jpg */,
				5A169AE418201F340042767E /* Screen Shot 2013-10-23 at 9.08.02 PM.png */,
				5A169AE518201F340042767E /* Screen Shot 2013-10-28 at 7.03.39 PM.png */,
				5A169AE818201F340042767E /* sports_circle.png */,
				5A169AE918201F340042767E /* stephen_profile.jpg */,
				5A169AEA18201F340042767E /* TableViewBG@2x.png */,
				5A169AEB18201F340042767E /* testImage.png */,
				5A169AF818201F340042767E /* vidgame_circle.png */,
				5A169AF918201F340042767E /* weightlifting_circle.png */,
				5A169AFA18201F340042767E /* will_profile.jpg */,
				5A169AFB18201F340042767E /* yoga_circle.png */,
			);
			name = Images;
			sourceTree = "<group>";
		};
		528AEF7D182039BA002AB658 /* Resources */ = {
			isa = PBXGroup;
			children = (
				528AEF7C182039AB002AB658 /* Images */,
				528AEF7B18203978002AB658 /* Fonts */,
			);
			name = Resources;
			sourceTree = "<group>";
		};
		5A5ABB311818420D00155B8F = {
			isa = PBXGroup;
			children = (
				5A5ABB431818420D00155B8F /* JustMovdApp */,
				5A5ABB621818420D00155B8F /* JustMovdAppTests */,
				5A5ABB3C1818420D00155B8F /* Frameworks */,
				5A5ABB3B1818420D00155B8F /* Products */,
			);
			sourceTree = "<group>";
		};
		5A5ABB3B1818420D00155B8F /* Products */ = {
			isa = PBXGroup;
			children = (
				5A5ABB3A1818420D00155B8F /* JustMovdApp.app */,
				5A5ABB5B1818420D00155B8F /* JustMovdAppTests.xctest */,
			);
			name = Products;
			sourceTree = "<group>";
		};
		5A5ABB3C1818420D00155B8F /* Frameworks */ = {
			isa = PBXGroup;
			children = (
				5A4FD6BB181F1673006400A2 /* FacebookSDK.framework */,
				5A4FD6B8181F150E006400A2 /* libsqlite3.dylib */,
				5A4FD6B6181F1507006400A2 /* libz.1.1.3.dylib */,
				5A4FD6B4181F1500006400A2 /* CoreLocation.framework */,
				5A4FD6B2181F14FB006400A2 /* QuartzCore.framework */,
				5A4FD6B0181F14ED006400A2 /* SystemConfiguration.framework */,
				5A4FD6AE181F14E2006400A2 /* AudioToolbox.framework */,
				5A4FD6AC181F14DC006400A2 /* MobileCoreServices.framework */,
				5A4FD6AA181F14D7006400A2 /* StoreKit.framework */,
				5A4FD6A8181F14C9006400A2 /* AdSupport.framework */,
				5A4FD6A6181F1489006400A2 /* CFNetwork.framework */,
				5A4FD6A4181F1474006400A2 /* Social.framework */,
				5A4FD6A2181F1468006400A2 /* Security.framework */,
				5A4FD6A0181F1460006400A2 /* Accounts.framework */,
				5A5ABB7A1818723800155B8F /* Parse.framework */,
				E56AE9A6181F49B100E12C87 /* Accelerate.framework */,
				E564658E181884EF00E2C4A1 /* SystemConfiguration.framework */,
				E564658C181884E300E2C4A1 /* StoreKit.framework */,
				E564658A181884CD00E2C4A1 /* QuartzCore.framework */,
				E5646588181884AB00E2C4A1 /* libz.1.1.3.dylib */,
				E56465861818849E00E2C4A1 /* MobileCoreServices.framework */,
				E56465841818849500E2C4A1 /* CoreLocation.framework */,
				E56465821818848500E2C4A1 /* CFNetwork.framework */,
				E56465801818847300E2C4A1 /* AudioToolbox.framework */,
				E564657E1818846900E2C4A1 /* Security.framework */,
				E564657B181873E500E2C4A1 /* FacebookSDK.framework */,
				E56465791818708700E2C4A1 /* Parse.framework */,
				52B9C41B181884D000A875B7 /* SystemConfiguration.framework */,
				52B9C419181884C700A875B7 /* StoreKit.framework */,
				52B9C417181884BA00A875B7 /* Security.framework */,
				52B9C415181884AC00A875B7 /* QuartzCore.framework */,
				52B9C4131818849C00A875B7 /* MobileCoreServices.framework */,
				52B9C4111818849100A875B7 /* libz.1.1.3.dylib */,
				52B9C40F1818848300A875B7 /* CoreLocation.framework */,
				52B9C40D1818846900A875B7 /* CFNetwork.framework */,
				52B9C40B1818845C00A875B7 /* AudioToolbox.framework */,
				52B9C40918186ED500A875B7 /* Parse.framework */,
				5A5ABB3D1818420D00155B8F /* Foundation.framework */,
				5A5ABB3F1818420D00155B8F /* CoreGraphics.framework */,
				5A5ABB411818420D00155B8F /* UIKit.framework */,
				5A5ABB5C1818420D00155B8F /* XCTest.framework */,
			);
			name = Frameworks;
			sourceTree = "<group>";
		};
		5A5ABB431818420D00155B8F /* JustMovdApp */ = {
			isa = PBXGroup;
			children = (
				528AEF8118207E77002AB658 /* AddNewPostToActivityFeedDelegate.h */,
				5A169AA018201F340042767E /* AboutEditCell.h */,
				5A169AA118201F340042767E /* AboutEditCell.m */,
				5A169AA318201F340042767E /* ActivityFeedCell.h */,
				5A169AA418201F340042767E /* ActivityFeedCell.m */,
				5A169AA518201F340042767E /* ActivityFeedCellDelegate.h */,
				5A169AA618201F340042767E /* ActivityFeedViewController.h */,
				5A169AA718201F340042767E /* ActivityFeedViewController.m */,
				5A169AA818201F340042767E /* AddCommentViewController.h */,
				5A169AA918201F340042767E /* AddCommentViewController.m */,
				5A169AAA18201F340042767E /* AppDelegate.h */,
				5A169AAB18201F340042767E /* AppDelegate.m */,
				5A169AB018201F340042767E /* Main.storyboard */,
				5A169AB718201F340042767E /* Comms.h */,
				5A169AB818201F340042767E /* Comms.m */,
				5A169ABA18201F340042767E /* EditProfileViewController.h */,
				5A169ABB18201F340042767E /* EditProfileViewController.m */,
				5A169ABF18201F340042767E /* FakeProfileViewController.h */,
				5A169AC018201F340042767E /* FakeProfileViewController.m */,
				5A169AC118201F340042767E /* FeedStoryboard.storyboard */,
				528AEF8218209B3A002AB658 /* VenuesMapViewController.h */,
				528AEF8318209B3A002AB658 /* VenuesMapViewController.m */,
				5A169AC218201F340042767E /* Images.xcassets */,
				5A169AC318201F340042767E /* InfoCell.h */,
				5A169AC418201F340042767E /* InfoCell.m */,
				5A169AC518201F340042767E /* IntroChildViewController.h */,
				5A169AC618201F340042767E /* IntroChildViewController.m */,
				5A169AC718201F340042767E /* IntroParentViewController.h */,
				5A169AC818201F340042767E /* IntroParentViewController.m */,
				5A169AC918201F340042767E /* JustMovdApp-Info.plist */,
				5A169ACA18201F340042767E /* JustMovdApp-Prefix.pch */,
				5A169ACB18201F340042767E /* KyleMai.storyboard */,
				5A169ACD18201F340042767E /* main.m */,
				5A169ACF18201F340042767E /* OtherEditCell.h */,
				5A169AD018201F340042767E /* OtherEditCell.m */,
				5A169AD118201F340042767E /* PFImageView+ImageHandler.h */,
				5A169AD218201F340042767E /* PFImageView+ImageHandler.m */,
				5A169AD318201F340042767E /* PictureCell.h */,
				5A169AD418201F340042767E /* PictureCell.m */,
				5A169AD518201F340042767E /* PostDetailViewController.h */,
				5A169AD618201F340042767E /* PostDetailViewController.m */,
				5A169AD718201F340042767E /* PostsByUserCell.h */,
				5A169AD818201F340042767E /* PostsByUserCell.m */,
				5A169ADA18201F340042767E /* Questionnaire.storyboard */,
				5A169ADB18201F340042767E /* QuestionnaireViewController.h */,
				5A169ADC18201F340042767E /* QuestionnaireViewController.m */,
				5A169ADD18201F340042767E /* QuestionView.h */,
				5A169ADE18201F340042767E /* QuestionView.m */,
				5A169ADF18201F340042767E /* QuestionViewDelegate.h */,
				5A169AE618201F340042767E /* SearchUsersViewController.h */,
				5A169AE718201F340042767E /* SearchUsersViewController.m */,
				5A169AEF18201F340042767E /* TTTTimeIntervalFormatter.h */,
				5A169AF018201F340042767E /* TTTTimeIntervalFormatter.m */,
				5A169AF118201F340042767E /* UIImage+StackBlur.h */,
				5A169AF218201F340042767E /* UIImage+StackBlur.m */,
				5A169AF318201F340042767E /* UpdateCellHeader.h */,
				5A169AF418201F340042767E /* UpdateCellHeader.m */,
				5A169AF518201F340042767E /* UpdateCellHeader.xib */,
				5A169AF618201F340042767E /* UserProfileViewController.h */,
				5A169AF718201F340042767E /* UserProfileViewController.m */,
				528AEF7D182039BA002AB658 /* Resources */,
			);
			path = JustMovdApp;
			sourceTree = "<group>";
		};
		5A5ABB621818420D00155B8F /* JustMovdAppTests */ = {
			isa = PBXGroup;
			children = (
				5A5ABB681818420D00155B8F /* JustMovdAppTests.m */,
				5A5ABB631818420D00155B8F /* Supporting Files */,
			);
			path = JustMovdAppTests;
			sourceTree = "<group>";
		};
		5A5ABB631818420D00155B8F /* Supporting Files */ = {
			isa = PBXGroup;
			children = (
				5A5ABB641818420D00155B8F /* JustMovdAppTests-Info.plist */,
				5A5ABB651818420D00155B8F /* InfoPlist.strings */,
			);
			name = "Supporting Files";
			sourceTree = "<group>";
		};
/* End PBXGroup section */

/* Begin PBXNativeTarget section */
		5A5ABB391818420D00155B8F /* JustMovdApp */ = {
			isa = PBXNativeTarget;
			buildConfigurationList = 5A5ABB6C1818420D00155B8F /* Build configuration list for PBXNativeTarget "JustMovdApp" */;
			buildPhases = (
				5A5ABB361818420D00155B8F /* Sources */,
				5A5ABB371818420D00155B8F /* Frameworks */,
				5A5ABB381818420D00155B8F /* Resources */,
			);
			buildRules = (
			);
			dependencies = (
			);
			name = JustMovdApp;
			productName = JustMovdApp;
			productReference = 5A5ABB3A1818420D00155B8F /* JustMovdApp.app */;
			productType = "com.apple.product-type.application";
		};
		5A5ABB5A1818420D00155B8F /* JustMovdAppTests */ = {
			isa = PBXNativeTarget;
			buildConfigurationList = 5A5ABB6F1818420D00155B8F /* Build configuration list for PBXNativeTarget "JustMovdAppTests" */;
			buildPhases = (
				5A5ABB571818420D00155B8F /* Sources */,
				5A5ABB581818420D00155B8F /* Frameworks */,
				5A5ABB591818420D00155B8F /* Resources */,
			);
			buildRules = (
			);
			dependencies = (
				5A5ABB611818420D00155B8F /* PBXTargetDependency */,
			);
			name = JustMovdAppTests;
			productName = JustMovdAppTests;
			productReference = 5A5ABB5B1818420D00155B8F /* JustMovdAppTests.xctest */;
			productType = "com.apple.product-type.bundle.unit-test";
		};
/* End PBXNativeTarget section */

/* Begin PBXProject section */
		5A5ABB321818420D00155B8F /* Project object */ = {
			isa = PBXProject;
			attributes = {
				LastUpgradeCheck = 0500;
				ORGANIZATIONNAME = "Kabir Mahal";
				TargetAttributes = {
					5A5ABB5A1818420D00155B8F = {
						TestTargetID = 5A5ABB391818420D00155B8F;
					};
				};
			};
			buildConfigurationList = 5A5ABB351818420D00155B8F /* Build configuration list for PBXProject "JustMovdApp" */;
			compatibilityVersion = "Xcode 3.2";
			developmentRegion = English;
			hasScannedForEncodings = 0;
			knownRegions = (
				en,
				Base,
				he,
			);
			mainGroup = 5A5ABB311818420D00155B8F;
			productRefGroup = 5A5ABB3B1818420D00155B8F /* Products */;
			projectDirPath = "";
			projectRoot = "";
			targets = (
				5A5ABB391818420D00155B8F /* JustMovdApp */,
				5A5ABB5A1818420D00155B8F /* JustMovdAppTests */,
			);
		};
/* End PBXProject section */

/* Begin PBXResourcesBuildPhase section */
		5A5ABB381818420D00155B8F /* Resources */ = {
			isa = PBXResourcesBuildPhase;
			buildActionMask = 2147483647;
			files = (
				5A169B0A18201F340042767E /* coffee_tall.png in Resources */,
				5A169B3618201F340042767E /* will_profile.jpg in Resources */,
				5A169B1518201F340042767E /* JustMovdApp-Info.plist in Resources */,
				5A169B1018201F340042767E /* FeedStoryboard.storyboard in Resources */,
				5A169B1F18201F340042767E /* profile.jpg in Resources */,
				5A169B0418201F340042767E /* background3_size.png in Resources */,
				5A169B1618201F340042767E /* KyleMai.storyboard in Resources */,
				5A169B3218201F340042767E /* UpdateCellHeader.xib in Resources */,
				5A169B0918201F340042767E /* coffee_circle.png in Resources */,
				5A169B2618201F340042767E /* Roboto-Thin.ttf in Resources */,
				5A169B2D18201F340042767E /* testImage.png in Resources */,
				5A169B2418201F340042767E /* Roboto-Medium.ttf in Resources */,
				5A169B2A18201F340042767E /* sports_circle.png in Resources */,
				5A169B0C18201F340042767E /* david_profile.jpg in Resources */,
				5A169B2718201F340042767E /* Screen Shot 2013-10-23 at 9.08.02 PM.png in Resources */,
				5A169B2C18201F340042767E /* TableViewBG@2x.png in Resources */,
				5A169B0518201F340042767E /* Main.storyboard in Resources */,
				5A169B0318201F340042767E /* background2_size.png in Resources */,
				5A169B2318201F340042767E /* Roboto-Light.ttf in Resources */,
				5A169B3418201F340042767E /* vidgame_circle.png in Resources */,
				5A169B0718201F340042767E /* beer_size@2x.png in Resources */,
				5A169B1118201F340042767E /* Images.xcassets in Resources */,
				5A169AFD18201F340042767E /* activityfeedcell_icon_comment.png in Resources */,
				5A169B2018201F340042767E /* Questionnaire.storyboard in Resources */,
				5A169B0618201F340042767E /* BaseColor.png in Resources */,
				5A169B2B18201F340042767E /* stephen_profile.jpg in Resources */,
				5A169B2518201F340042767E /* Roboto-Regular.ttf in Resources */,
				5A169B0818201F340042767E /* bluebeer_tall.png in Resources */,
				5A169B0218201F340042767E /* background.png in Resources */,
				5A169B1918201F340042767E /* messageButton@2x.png in Resources */,
				5A169B2818201F340042767E /* Screen Shot 2013-10-28 at 7.03.39 PM.png in Resources */,
				5A169B3718201F340042767E /* yoga_circle.png in Resources */,
				5A169B3518201F340042767E /* weightlifting_circle.png in Resources */,
				5A169B1718201F340042767E /* KyleMai@2x.jpg in Resources */,
			);
			runOnlyForDeploymentPostprocessing = 0;
		};
		5A5ABB591818420D00155B8F /* Resources */ = {
			isa = PBXResourcesBuildPhase;
			buildActionMask = 2147483647;
			files = (
				5A5ABB671818420D00155B8F /* InfoPlist.strings in Resources */,
			);
			runOnlyForDeploymentPostprocessing = 0;
		};
/* End PBXResourcesBuildPhase section */

/* Begin PBXSourcesBuildPhase section */
		5A5ABB361818420D00155B8F /* Sources */ = {
			isa = PBXSourcesBuildPhase;
			buildActionMask = 2147483647;
			files = (
				5A169B1418201F340042767E /* IntroParentViewController.m in Sources */,
				5A169B3118201F340042767E /* UpdateCellHeader.m in Sources */,
				5A169B1B18201F340042767E /* PFImageView+ImageHandler.m in Sources */,
				5A169B2218201F340042767E /* QuestionView.m in Sources */,
				5A169B0018201F340042767E /* AddCommentViewController.m in Sources */,
				5A169B3318201F340042767E /* UserProfileViewController.m in Sources */,
				5A169AFE18201F340042767E /* ActivityFeedCell.m in Sources */,
				5A169B1218201F340042767E /* InfoCell.m in Sources */,
				5A169B0D18201F340042767E /* EditProfileViewController.m in Sources */,
				5A169B1A18201F340042767E /* OtherEditCell.m in Sources */,
				5A169AFC18201F340042767E /* AboutEditCell.m in Sources */,
				528AEF8418209B3A002AB658 /* VenuesMapViewController.m in Sources */,
				5A169B2118201F340042767E /* QuestionnaireViewController.m in Sources */,
				5A169B0B18201F340042767E /* Comms.m in Sources */,
				5A169B1C18201F340042767E /* PictureCell.m in Sources */,
				5A169B0F18201F340042767E /* FakeProfileViewController.m in Sources */,
				5A169AFF18201F340042767E /* ActivityFeedViewController.m in Sources */,
				5A169B1E18201F340042767E /* PostsByUserCell.m in Sources */,
				5A169B1318201F340042767E /* IntroChildViewController.m in Sources */,
				5A169B1D18201F340042767E /* PostDetailViewController.m in Sources */,
				5A169B3018201F340042767E /* UIImage+StackBlur.m in Sources */,
				5A169B2918201F340042767E /* SearchUsersViewController.m in Sources */,
				5A169B1818201F340042767E /* main.m in Sources */,
				5A169B0118201F340042767E /* AppDelegate.m in Sources */,
				5A169B2F18201F340042767E /* TTTTimeIntervalFormatter.m in Sources */,
			);
			runOnlyForDeploymentPostprocessing = 0;
		};
		5A5ABB571818420D00155B8F /* Sources */ = {
			isa = PBXSourcesBuildPhase;
			buildActionMask = 2147483647;
			files = (
				5A5ABB691818420D00155B8F /* JustMovdAppTests.m in Sources */,
			);
			runOnlyForDeploymentPostprocessing = 0;
		};
/* End PBXSourcesBuildPhase section */

/* Begin PBXTargetDependency section */
		5A5ABB611818420D00155B8F /* PBXTargetDependency */ = {
			isa = PBXTargetDependency;
			target = 5A5ABB391818420D00155B8F /* JustMovdApp */;
			targetProxy = 5A5ABB601818420D00155B8F /* PBXContainerItemProxy */;
		};
/* End PBXTargetDependency section */

/* Begin PBXVariantGroup section */
		5A169AB018201F340042767E /* Main.storyboard */ = {
			isa = PBXVariantGroup;
			children = (
				5A169AB118201F340042767E /* Base */,
			);
			name = Main.storyboard;
			path = Base.lproj;
			sourceTree = "<group>";
		};
		5A5ABB651818420D00155B8F /* InfoPlist.strings */ = {
			isa = PBXVariantGroup;
			children = (
				5A5ABB661818420D00155B8F /* en */,
			);
			name = InfoPlist.strings;
			sourceTree = "<group>";
		};
/* End PBXVariantGroup section */

/* Begin XCBuildConfiguration section */
		5A5ABB6A1818420D00155B8F /* Debug */ = {
			isa = XCBuildConfiguration;
			buildSettings = {
				ALWAYS_SEARCH_USER_PATHS = NO;
				ARCHS = "$(ARCHS_STANDARD_INCLUDING_64_BIT)";
				CLANG_CXX_LANGUAGE_STANDARD = "gnu++0x";
				CLANG_CXX_LIBRARY = "libc++";
				CLANG_ENABLE_MODULES = YES;
				CLANG_ENABLE_OBJC_ARC = YES;
				CLANG_WARN_BOOL_CONVERSION = YES;
				CLANG_WARN_CONSTANT_CONVERSION = YES;
				CLANG_WARN_DIRECT_OBJC_ISA_USAGE = YES_ERROR;
				CLANG_WARN_EMPTY_BODY = YES;
				CLANG_WARN_ENUM_CONVERSION = YES;
				CLANG_WARN_INT_CONVERSION = YES;
				CLANG_WARN_OBJC_ROOT_CLASS = YES_ERROR;
				CLANG_WARN__DUPLICATE_METHOD_MATCH = YES;
				"CODE_SIGN_IDENTITY[sdk=iphoneos*]" = "iPhone Developer";
				COPY_PHASE_STRIP = NO;
				GCC_C_LANGUAGE_STANDARD = gnu99;
				GCC_DYNAMIC_NO_PIC = NO;
				GCC_OPTIMIZATION_LEVEL = 0;
				GCC_PREPROCESSOR_DEFINITIONS = (
					"DEBUG=1",
					"$(inherited)",
				);
				GCC_SYMBOLS_PRIVATE_EXTERN = NO;
				GCC_WARN_64_TO_32_BIT_CONVERSION = YES;
				GCC_WARN_ABOUT_RETURN_TYPE = YES_ERROR;
				GCC_WARN_UNDECLARED_SELECTOR = YES;
				GCC_WARN_UNINITIALIZED_AUTOS = YES;
				GCC_WARN_UNUSED_FUNCTION = YES;
				GCC_WARN_UNUSED_VARIABLE = YES;
				IPHONEOS_DEPLOYMENT_TARGET = 7.0;
				ONLY_ACTIVE_ARCH = YES;
				SDKROOT = iphoneos;
			};
			name = Debug;
		};
		5A5ABB6B1818420D00155B8F /* Release */ = {
			isa = XCBuildConfiguration;
			buildSettings = {
				ALWAYS_SEARCH_USER_PATHS = NO;
				ARCHS = "$(ARCHS_STANDARD_INCLUDING_64_BIT)";
				CLANG_CXX_LANGUAGE_STANDARD = "gnu++0x";
				CLANG_CXX_LIBRARY = "libc++";
				CLANG_ENABLE_MODULES = YES;
				CLANG_ENABLE_OBJC_ARC = YES;
				CLANG_WARN_BOOL_CONVERSION = YES;
				CLANG_WARN_CONSTANT_CONVERSION = YES;
				CLANG_WARN_DIRECT_OBJC_ISA_USAGE = YES_ERROR;
				CLANG_WARN_EMPTY_BODY = YES;
				CLANG_WARN_ENUM_CONVERSION = YES;
				CLANG_WARN_INT_CONVERSION = YES;
				CLANG_WARN_OBJC_ROOT_CLASS = YES_ERROR;
				CLANG_WARN__DUPLICATE_METHOD_MATCH = YES;
				"CODE_SIGN_IDENTITY[sdk=iphoneos*]" = "iPhone Developer";
				COPY_PHASE_STRIP = YES;
				ENABLE_NS_ASSERTIONS = NO;
				GCC_C_LANGUAGE_STANDARD = gnu99;
				GCC_WARN_64_TO_32_BIT_CONVERSION = YES;
				GCC_WARN_ABOUT_RETURN_TYPE = YES_ERROR;
				GCC_WARN_UNDECLARED_SELECTOR = YES;
				GCC_WARN_UNINITIALIZED_AUTOS = YES;
				GCC_WARN_UNUSED_FUNCTION = YES;
				GCC_WARN_UNUSED_VARIABLE = YES;
				IPHONEOS_DEPLOYMENT_TARGET = 7.0;
				SDKROOT = iphoneos;
				VALIDATE_PRODUCT = YES;
			};
			name = Release;
		};
		5A5ABB6D1818420D00155B8F /* Debug */ = {
			isa = XCBuildConfiguration;
			buildSettings = {
				ASSETCATALOG_COMPILER_APPICON_NAME = AppIcon;
				ASSETCATALOG_COMPILER_LAUNCHIMAGE_NAME = LaunchImage;
				FRAMEWORK_SEARCH_PATHS = (
					"$(inherited)",
					"$(PROJECT_DIR)",
				);
				GCC_PRECOMPILE_PREFIX_HEADER = YES;
				GCC_PREFIX_HEADER = "JustMovdApp/JustMovdApp-Prefix.pch";
				INFOPLIST_FILE = "JustMovdApp/JustMovdApp-Info.plist";
				PRODUCT_NAME = "$(TARGET_NAME)";
				WRAPPER_EXTENSION = app;
			};
			name = Debug;
		};
		5A5ABB6E1818420D00155B8F /* Release */ = {
			isa = XCBuildConfiguration;
			buildSettings = {
				ASSETCATALOG_COMPILER_APPICON_NAME = AppIcon;
				ASSETCATALOG_COMPILER_LAUNCHIMAGE_NAME = LaunchImage;
				FRAMEWORK_SEARCH_PATHS = (
					"$(inherited)",
					"$(PROJECT_DIR)",
				);
				GCC_PRECOMPILE_PREFIX_HEADER = YES;
				GCC_PREFIX_HEADER = "JustMovdApp/JustMovdApp-Prefix.pch";
				INFOPLIST_FILE = "JustMovdApp/JustMovdApp-Info.plist";
				PRODUCT_NAME = "$(TARGET_NAME)";
				WRAPPER_EXTENSION = app;
			};
			name = Release;
		};
		5A5ABB701818420D00155B8F /* Debug */ = {
			isa = XCBuildConfiguration;
			buildSettings = {
				ARCHS = "$(ARCHS_STANDARD_INCLUDING_64_BIT)";
				BUNDLE_LOADER = "$(BUILT_PRODUCTS_DIR)/JustMovdApp.app/JustMovdApp";
				FRAMEWORK_SEARCH_PATHS = (
					"$(SDKROOT)/Developer/Library/Frameworks",
					"$(inherited)",
					"$(DEVELOPER_FRAMEWORKS_DIR)",
				);
				GCC_PRECOMPILE_PREFIX_HEADER = YES;
				GCC_PREFIX_HEADER = "JustMovdApp/JustMovdApp-Prefix.pch";
				GCC_PREPROCESSOR_DEFINITIONS = (
					"DEBUG=1",
					"$(inherited)",
				);
				INFOPLIST_FILE = "JustMovdAppTests/JustMovdAppTests-Info.plist";
				PRODUCT_NAME = "$(TARGET_NAME)";
				TEST_HOST = "$(BUNDLE_LOADER)";
				WRAPPER_EXTENSION = xctest;
			};
			name = Debug;
		};
		5A5ABB711818420D00155B8F /* Release */ = {
			isa = XCBuildConfiguration;
			buildSettings = {
				ARCHS = "$(ARCHS_STANDARD_INCLUDING_64_BIT)";
				BUNDLE_LOADER = "$(BUILT_PRODUCTS_DIR)/JustMovdApp.app/JustMovdApp";
				FRAMEWORK_SEARCH_PATHS = (
					"$(SDKROOT)/Developer/Library/Frameworks",
					"$(inherited)",
					"$(DEVELOPER_FRAMEWORKS_DIR)",
				);
				GCC_PRECOMPILE_PREFIX_HEADER = YES;
				GCC_PREFIX_HEADER = "JustMovdApp/JustMovdApp-Prefix.pch";
				INFOPLIST_FILE = "JustMovdAppTests/JustMovdAppTests-Info.plist";
				PRODUCT_NAME = "$(TARGET_NAME)";
				TEST_HOST = "$(BUNDLE_LOADER)";
				WRAPPER_EXTENSION = xctest;
			};
			name = Release;
		};
/* End XCBuildConfiguration section */

/* Begin XCConfigurationList section */
		5A5ABB351818420D00155B8F /* Build configuration list for PBXProject "JustMovdApp" */ = {
			isa = XCConfigurationList;
			buildConfigurations = (
				5A5ABB6A1818420D00155B8F /* Debug */,
				5A5ABB6B1818420D00155B8F /* Release */,
			);
			defaultConfigurationIsVisible = 0;
			defaultConfigurationName = Release;
		};
		5A5ABB6C1818420D00155B8F /* Build configuration list for PBXNativeTarget "JustMovdApp" */ = {
			isa = XCConfigurationList;
			buildConfigurations = (
				5A5ABB6D1818420D00155B8F /* Debug */,
				5A5ABB6E1818420D00155B8F /* Release */,
			);
			defaultConfigurationIsVisible = 0;
			defaultConfigurationName = Release;
		};
		5A5ABB6F1818420D00155B8F /* Build configuration list for PBXNativeTarget "JustMovdAppTests" */ = {
			isa = XCConfigurationList;
			buildConfigurations = (
				5A5ABB701818420D00155B8F /* Debug */,
				5A5ABB711818420D00155B8F /* Release */,
			);
			defaultConfigurationIsVisible = 0;
			defaultConfigurationName = Release;
		};
/* End XCConfigurationList section */
	};
	rootObject = 5A5ABB321818420D00155B8F /* Project object */;
}
